// !$*UTF8*$!
{
	archiveVersion = 1;
	classes = {
	};
	objectVersion = 50;
	objects = {

/* Begin PBXBuildFile section */
		A53EC06F00A36042AF2B12C8 /* Pods_Geofencing.framework in Frameworks */ = {isa = PBXBuildFile; fileRef = 3FA71A783E63ADF95CF11F71 /* Pods_Geofencing.framework */; };
		B119561721D937E900146C0B /* Geotification.swift in Sources */ = {isa = PBXBuildFile; fileRef = B119561621D937E900146C0B /* Geotification.swift */; };
		B1C895D421D7DDB80044530F /* SSID.swift in Sources */ = {isa = PBXBuildFile; fileRef = B1C895D321D7DDB80044530F /* SSID.swift */; };
		B1ECE15821D9FA1700471EC7 /* MapKit.framework in Frameworks */ = {isa = PBXBuildFile; fileRef = B1ECE15721D9FA1700471EC7 /* MapKit.framework */; };
		B1ED1DA021D5C97A00249ACD /* AppDelegate.swift in Sources */ = {isa = PBXBuildFile; fileRef = B1ED1D9F21D5C97A00249ACD /* AppDelegate.swift */; };
		B1ED1DA521D5C97A00249ACD /* MainShow.storyboard in Resources */ = {isa = PBXBuildFile; fileRef = B1ED1DA321D5C97A00249ACD /* MainShow.storyboard */; };
		B1ED1DA721D5C97C00249ACD /* Assets.xcassets in Resources */ = {isa = PBXBuildFile; fileRef = B1ED1DA621D5C97C00249ACD /* Assets.xcassets */; };
		B1ED1DAA21D5C97C00249ACD /* LaunchScreen.storyboard in Resources */ = {isa = PBXBuildFile; fileRef = B1ED1DA821D5C97C00249ACD /* LaunchScreen.storyboard */; };
		B1ED1DBF21D5D84500249ACD /* MainShowModel.swift in Sources */ = {isa = PBXBuildFile; fileRef = B1ED1DB921D5D84500249ACD /* MainShowModel.swift */; };
		B1ED1DC021D5D84500249ACD /* MainShowViewController.swift in Sources */ = {isa = PBXBuildFile; fileRef = B1ED1DBA21D5D84500249ACD /* MainShowViewController.swift */; };
		B1ED1DD121D63FD200249ACD /* ReadMe in Resources */ = {isa = PBXBuildFile; fileRef = B1ED1DD021D63FD200249ACD /* ReadMe */; };
		B1ED1DD821D7672000249ACD /* Constants.swift in Sources */ = {isa = PBXBuildFile; fileRef = B1ED1DD721D7672000249ACD /* Constants.swift */; };
		B1ED1DFC21D79E8D00249ACD /* Description in Resources */ = {isa = PBXBuildFile; fileRef = B1ED1DFB21D79E8D00249ACD /* Description */; };
/* End PBXBuildFile section */

/* Begin PBXFileReference section */
		33F41CF85B60DF6D91871A52 /* Pods-Geofencing.debug.xcconfig */ = {isa = PBXFileReference; includeInIndex = 1; lastKnownFileType = text.xcconfig; name = "Pods-Geofencing.debug.xcconfig"; path = "Target Support Files/Pods-Geofencing/Pods-Geofencing.debug.xcconfig"; sourceTree = "<group>"; };
		3FA71A783E63ADF95CF11F71 /* Pods_Geofencing.framework */ = {isa = PBXFileReference; explicitFileType = wrapper.framework; includeInIndex = 0; path = Pods_Geofencing.framework; sourceTree = BUILT_PRODUCTS_DIR; };
		B119561621D937E900146C0B /* Geotification.swift */ = {isa = PBXFileReference; fileEncoding = 4; lastKnownFileType = sourcecode.swift; path = Geotification.swift; sourceTree = "<group>"; };
		B1C895D321D7DDB80044530F /* SSID.swift */ = {isa = PBXFileReference; lastKnownFileType = sourcecode.swift; path = SSID.swift; sourceTree = "<group>"; };
		B1ECE15721D9FA1700471EC7 /* MapKit.framework */ = {isa = PBXFileReference; lastKnownFileType = wrapper.framework; name = MapKit.framework; path = System/Library/Frameworks/MapKit.framework; sourceTree = SDKROOT; };
		B1ED1D9C21D5C97A00249ACD /* Geofencing.app */ = {isa = PBXFileReference; explicitFileType = wrapper.application; includeInIndex = 0; path = Geofencing.app; sourceTree = BUILT_PRODUCTS_DIR; };
		B1ED1D9F21D5C97A00249ACD /* AppDelegate.swift */ = {isa = PBXFileReference; lastKnownFileType = sourcecode.swift; path = AppDelegate.swift; sourceTree = "<group>"; };
		B1ED1DA421D5C97A00249ACD /* Base */ = {isa = PBXFileReference; lastKnownFileType = file.storyboard; name = Base; path = Base.lproj/MainShow.storyboard; sourceTree = "<group>"; };
		B1ED1DA621D5C97C00249ACD /* Assets.xcassets */ = {isa = PBXFileReference; lastKnownFileType = folder.assetcatalog; path = Assets.xcassets; sourceTree = "<group>"; };
		B1ED1DA921D5C97C00249ACD /* Base */ = {isa = PBXFileReference; lastKnownFileType = file.storyboard; name = Base; path = Base.lproj/LaunchScreen.storyboard; sourceTree = "<group>"; };
		B1ED1DAB21D5C97C00249ACD /* Info.plist */ = {isa = PBXFileReference; lastKnownFileType = text.plist.xml; path = Info.plist; sourceTree = "<group>"; };
		B1ED1DB921D5D84500249ACD /* MainShowModel.swift */ = {isa = PBXFileReference; lastKnownFileType = sourcecode.swift; path = MainShowModel.swift; sourceTree = "<group>"; };
		B1ED1DBA21D5D84500249ACD /* MainShowViewController.swift */ = {isa = PBXFileReference; lastKnownFileType = sourcecode.swift; path = MainShowViewController.swift; sourceTree = "<group>"; };
		B1ED1DD021D63FD200249ACD /* ReadMe */ = {isa = PBXFileReference; lastKnownFileType = text; path = ReadMe; sourceTree = "<group>"; };
		B1ED1DD721D7672000249ACD /* Constants.swift */ = {isa = PBXFileReference; lastKnownFileType = sourcecode.swift; path = Constants.swift; sourceTree = "<group>"; };
		B1ED1DFB21D79E8D00249ACD /* Description */ = {isa = PBXFileReference; lastKnownFileType = text; path = Description; sourceTree = "<group>"; };
		B1ED1E0021D7A15800249ACD /* Geofencing.entitlements */ = {isa = PBXFileReference; lastKnownFileType = text.plist.entitlements; path = Geofencing.entitlements; sourceTree = "<group>"; };
		C07F38F2D6BCFEB5F169BAAA /* Pods-Geofencing.release.xcconfig */ = {isa = PBXFileReference; includeInIndex = 1; lastKnownFileType = text.xcconfig; name = "Pods-Geofencing.release.xcconfig"; path = "Target Support Files/Pods-Geofencing/Pods-Geofencing.release.xcconfig"; sourceTree = "<group>"; };
/* End PBXFileReference section */

/* Begin PBXFrameworksBuildPhase section */
		B1ED1D9921D5C97A00249ACD /* Frameworks */ = {
			isa = PBXFrameworksBuildPhase;
			buildActionMask = 2147483647;
			files = (
				B1ECE15821D9FA1700471EC7 /* MapKit.framework in Frameworks */,
				A53EC06F00A36042AF2B12C8 /* Pods_Geofencing.framework in Frameworks */,
			);
			runOnlyForDeploymentPostprocessing = 0;
		};
/* End PBXFrameworksBuildPhase section */

/* Begin PBXGroup section */
		610F4D7FAAEC4AD828A610F9 /* Pods */ = {
			isa = PBXGroup;
			children = (
				33F41CF85B60DF6D91871A52 /* Pods-Geofencing.debug.xcconfig */,
				C07F38F2D6BCFEB5F169BAAA /* Pods-Geofencing.release.xcconfig */,
			);
			path = Pods;
			sourceTree = "<group>";
		};
		B1ECE15421D9C6D900471EC7 /* Models */ = {
			isa = PBXGroup;
			children = (
				B119561621D937E900146C0B /* Geotification.swift */,
				B1C895D321D7DDB80044530F /* SSID.swift */,
			);
			path = Models;
			sourceTree = "<group>";
		};
		B1ED1D9321D5C97A00249ACD = {
			isa = PBXGroup;
			children = (
				B1ED1DD021D63FD200249ACD /* ReadMe */,
				B1ED1DFB21D79E8D00249ACD /* Description */,
				B1ED1D9E21D5C97A00249ACD /* Geofencing */,
				B1ED1D9D21D5C97A00249ACD /* Products */,
				B1ED1DFD21D7A15800249ACD /* Frameworks */,
				610F4D7FAAEC4AD828A610F9 /* Pods */,
			);
			sourceTree = "<group>";
		};
		B1ED1D9D21D5C97A00249ACD /* Products */ = {
			isa = PBXGroup;
			children = (
				B1ED1D9C21D5C97A00249ACD /* Geofencing.app */,
			);
			name = Products;
			sourceTree = "<group>";
		};
		B1ED1D9E21D5C97A00249ACD /* Geofencing */ = {
			isa = PBXGroup;
			children = (
				B1ED1E0021D7A15800249ACD /* Geofencing.entitlements */,
				B1ED1D9F21D5C97A00249ACD /* AppDelegate.swift */,
				B1ED1DD621D7670D00249ACD /* Common */,
				B1ED1DB221D5CA7A00249ACD /* Scenes */,
				B1ED1DB121D5CA7000249ACD /* Storyboards */,
				B1ED1DB321D5CA9900249ACD /* Resource Files */,
			);
			path = Geofencing;
			sourceTree = "<group>";
		};
		B1ED1DB121D5CA7000249ACD /* Storyboards */ = {
			isa = PBXGroup;
			children = (
				B1ED1DA821D5C97C00249ACD /* LaunchScreen.storyboard */,
				B1ED1DA321D5C97A00249ACD /* MainShow.storyboard */,
			);
			path = Storyboards;
			sourceTree = "<group>";
		};
		B1ED1DB221D5CA7A00249ACD /* Scenes */ = {
			isa = PBXGroup;
			children = (
				B1ED1DB421D5D7F200249ACD /* MainShow */,
			);
			path = Scenes;
			sourceTree = "<group>";
		};
		B1ED1DB321D5CA9900249ACD /* Resource Files */ = {
			isa = PBXGroup;
			children = (
				B1ED1DA621D5C97C00249ACD /* Assets.xcassets */,
				B1ED1DAB21D5C97C00249ACD /* Info.plist */,
			);
			path = "Resource Files";
			sourceTree = "<group>";
		};
		B1ED1DB421D5D7F200249ACD /* MainShow */ = {
			isa = PBXGroup;
			children = (
				B1ED1DB921D5D84500249ACD /* MainShowModel.swift */,
				B1ED1DBA21D5D84500249ACD /* MainShowViewController.swift */,
			);
			path = MainShow;
			sourceTree = "<group>";
		};
		B1ED1DD621D7670D00249ACD /* Common */ = {
			isa = PBXGroup;
			children = (
				B1ED1DD721D7672000249ACD /* Constants.swift */,
				B1ECE15421D9C6D900471EC7 /* Models */,
			);
			path = Common;
			sourceTree = "<group>";
		};
		B1ED1DFD21D7A15800249ACD /* Frameworks */ = {
			isa = PBXGroup;
			children = (
				B1ECE15721D9FA1700471EC7 /* MapKit.framework */,
				3FA71A783E63ADF95CF11F71 /* Pods_Geofencing.framework */,
			);
			name = Frameworks;
			sourceTree = "<group>";
		};
/* End PBXGroup section */

/* Begin PBXNativeTarget section */
		B1ED1D9B21D5C97A00249ACD /* Geofencing */ = {
			isa = PBXNativeTarget;
			buildConfigurationList = B1ED1DAE21D5C97C00249ACD /* Build configuration list for PBXNativeTarget "Geofencing" */;
			buildPhases = (
				FCE27E4072B9C0FAADEFA94C /* [CP] Check Pods Manifest.lock */,
				B1ED1D9821D5C97A00249ACD /* Sources */,
				B1ED1D9921D5C97A00249ACD /* Frameworks */,
				B1ED1D9A21D5C97A00249ACD /* Resources */,
				C5BCFA346E11E53B7C2F36BA /* [CP] Embed Pods Frameworks */,
			);
			buildRules = (
			);
			dependencies = (
			);
			name = Geofencing;
			productName = Geofencing;
			productReference = B1ED1D9C21D5C97A00249ACD /* Geofencing.app */;
			productType = "com.apple.product-type.application";
		};
/* End PBXNativeTarget section */

/* Begin PBXProject section */
		B1ED1D9421D5C97A00249ACD /* Project object */ = {
			isa = PBXProject;
			attributes = {
				LastSwiftUpdateCheck = 1010;
				LastUpgradeCheck = 1010;
				ORGANIZATIONNAME = golos;
				TargetAttributes = {
					B1ED1D9B21D5C97A00249ACD = {
						CreatedOnToolsVersion = 10.1;
						SystemCapabilities = {
							com.apple.AccessWiFi = {
								enabled = 1;
							};
							com.apple.Maps.iOS = {
								enabled = 1;
							};
							com.apple.WAC = {
								enabled = 0;
							};
						};
					};
				};
			};
			buildConfigurationList = B1ED1D9721D5C97A00249ACD /* Build configuration list for PBXProject "Geofencing" */;
			compatibilityVersion = "Xcode 9.3";
			developmentRegion = en;
			hasScannedForEncodings = 0;
			knownRegions = (
				en,
				Base,
			);
			mainGroup = B1ED1D9321D5C97A00249ACD;
			productRefGroup = B1ED1D9D21D5C97A00249ACD /* Products */;
			projectDirPath = "";
			projectRoot = "";
			targets = (
				B1ED1D9B21D5C97A00249ACD /* Geofencing */,
			);
		};
/* End PBXProject section */

/* Begin PBXResourcesBuildPhase section */
		B1ED1D9A21D5C97A00249ACD /* Resources */ = {
			isa = PBXResourcesBuildPhase;
			buildActionMask = 2147483647;
			files = (
				B1ED1DFC21D79E8D00249ACD /* Description in Resources */,
				B1ED1DD121D63FD200249ACD /* ReadMe in Resources */,
				B1ED1DAA21D5C97C00249ACD /* LaunchScreen.storyboard in Resources */,
				B1ED1DA721D5C97C00249ACD /* Assets.xcassets in Resources */,
				B1ED1DA521D5C97A00249ACD /* MainShow.storyboard in Resources */,
			);
			runOnlyForDeploymentPostprocessing = 0;
		};
/* End PBXResourcesBuildPhase section */

/* Begin PBXShellScriptBuildPhase section */
		C5BCFA346E11E53B7C2F36BA /* [CP] Embed Pods Frameworks */ = {
			isa = PBXShellScriptBuildPhase;
			buildActionMask = 2147483647;
			files = (
			);
			inputFileListPaths = (
			);
			inputPaths = (
				"${PODS_ROOT}/Target Support Files/Pods-Geofencing/Pods-Geofencing-frameworks.sh",
				"${BUILT_PRODUCTS_DIR}/ReachabilitySwift/Reachability.framework",
			);
			name = "[CP] Embed Pods Frameworks";
			outputFileListPaths = (
			);
			outputPaths = (
				"${TARGET_BUILD_DIR}/${FRAMEWORKS_FOLDER_PATH}/Reachability.framework",
			);
			runOnlyForDeploymentPostprocessing = 0;
			shellPath = /bin/sh;
			shellScript = "\"${PODS_ROOT}/Target Support Files/Pods-Geofencing/Pods-Geofencing-frameworks.sh\"\n";
			showEnvVarsInLog = 0;
		};
		FCE27E4072B9C0FAADEFA94C /* [CP] Check Pods Manifest.lock */ = {
			isa = PBXShellScriptBuildPhase;
			buildActionMask = 2147483647;
			files = (
			);
			inputFileListPaths = (
			);
			inputPaths = (
				"${PODS_PODFILE_DIR_PATH}/Podfile.lock",
				"${PODS_ROOT}/Manifest.lock",
			);
			name = "[CP] Check Pods Manifest.lock";
			outputFileListPaths = (
			);
			outputPaths = (
				"$(DERIVED_FILE_DIR)/Pods-Geofencing-checkManifestLockResult.txt",
			);
			runOnlyForDeploymentPostprocessing = 0;
			shellPath = /bin/sh;
			shellScript = "diff \"${PODS_PODFILE_DIR_PATH}/Podfile.lock\" \"${PODS_ROOT}/Manifest.lock\" > /dev/null\nif [ $? != 0 ] ; then\n    # print error to STDERR\n    echo \"error: The sandbox is not in sync with the Podfile.lock. Run 'pod install' or update your CocoaPods installation.\" >&2\n    exit 1\nfi\n# This output is used by Xcode 'outputs' to avoid re-running this script phase.\necho \"SUCCESS\" > \"${SCRIPT_OUTPUT_FILE_0}\"\n";
			showEnvVarsInLog = 0;
		};
/* End PBXShellScriptBuildPhase section */

/* Begin PBXSourcesBuildPhase section */
		B1ED1D9821D5C97A00249ACD /* Sources */ = {
			isa = PBXSourcesBuildPhase;
			buildActionMask = 2147483647;
			files = (
				B119561721D937E900146C0B /* Geotification.swift in Sources */,
				B1C895D421D7DDB80044530F /* SSID.swift in Sources */,
				B1ED1DBF21D5D84500249ACD /* MainShowModel.swift in Sources */,
				B1ED1DD821D7672000249ACD /* Constants.swift in Sources */,
				B1ED1DC021D5D84500249ACD /* MainShowViewController.swift in Sources */,
				B1ED1DA021D5C97A00249ACD /* AppDelegate.swift in Sources */,
			);
			runOnlyForDeploymentPostprocessing = 0;
		};
/* End PBXSourcesBuildPhase section */

/* Begin PBXVariantGroup section */
		B1ED1DA321D5C97A00249ACD /* MainShow.storyboard */ = {
			isa = PBXVariantGroup;
			children = (
				B1ED1DA421D5C97A00249ACD /* Base */,
			);
			name = MainShow.storyboard;
			sourceTree = "<group>";
		};
		B1ED1DA821D5C97C00249ACD /* LaunchScreen.storyboard */ = {
			isa = PBXVariantGroup;
			children = (
				B1ED1DA921D5C97C00249ACD /* Base */,
			);
			name = LaunchScreen.storyboard;
			sourceTree = "<group>";
		};
/* End PBXVariantGroup section */

/* Begin XCBuildConfiguration section */
		B1ED1DAC21D5C97C00249ACD /* Debug */ = {
			isa = XCBuildConfiguration;
			buildSettings = {
				ALWAYS_SEARCH_USER_PATHS = NO;
				CLANG_ANALYZER_NONNULL = YES;
				CLANG_ANALYZER_NUMBER_OBJECT_CONVERSION = YES_AGGRESSIVE;
				CLANG_CXX_LANGUAGE_STANDARD = "gnu++14";
				CLANG_CXX_LIBRARY = "libc++";
				CLANG_ENABLE_MODULES = YES;
				CLANG_ENABLE_OBJC_ARC = YES;
				CLANG_ENABLE_OBJC_WEAK = YES;
				CLANG_WARN_BLOCK_CAPTURE_AUTORELEASING = YES;
				CLANG_WARN_BOOL_CONVERSION = YES;
				CLANG_WARN_COMMA = YES;
				CLANG_WARN_CONSTANT_CONVERSION = YES;
				CLANG_WARN_DEPRECATED_OBJC_IMPLEMENTATIONS = YES;
				CLANG_WARN_DIRECT_OBJC_ISA_USAGE = YES_ERROR;
				CLANG_WARN_DOCUMENTATION_COMMENTS = YES;
				CLANG_WARN_EMPTY_BODY = YES;
				CLANG_WARN_ENUM_CONVERSION = YES;
				CLANG_WARN_INFINITE_RECURSION = YES;
				CLANG_WARN_INT_CONVERSION = YES;
				CLANG_WARN_NON_LITERAL_NULL_CONVERSION = YES;
				CLANG_WARN_OBJC_IMPLICIT_RETAIN_SELF = YES;
				CLANG_WARN_OBJC_LITERAL_CONVERSION = YES;
				CLANG_WARN_OBJC_ROOT_CLASS = YES_ERROR;
				CLANG_WARN_RANGE_LOOP_ANALYSIS = YES;
				CLANG_WARN_STRICT_PROTOTYPES = YES;
				CLANG_WARN_SUSPICIOUS_MOVE = YES;
				CLANG_WARN_UNGUARDED_AVAILABILITY = YES_AGGRESSIVE;
				CLANG_WARN_UNREACHABLE_CODE = YES;
				CLANG_WARN__DUPLICATE_METHOD_MATCH = YES;
				CODE_SIGN_IDENTITY = "iPhone Developer";
				COPY_PHASE_STRIP = NO;
				DEBUG_INFORMATION_FORMAT = dwarf;
				ENABLE_STRICT_OBJC_MSGSEND = YES;
				ENABLE_TESTABILITY = YES;
				GCC_C_LANGUAGE_STANDARD = gnu11;
				GCC_DYNAMIC_NO_PIC = NO;
				GCC_NO_COMMON_BLOCKS = YES;
				GCC_OPTIMIZATION_LEVEL = 0;
				GCC_PREPROCESSOR_DEFINITIONS = (
					"DEBUG=1",
					"$(inherited)",
				);
				GCC_WARN_64_TO_32_BIT_CONVERSION = YES;
				GCC_WARN_ABOUT_RETURN_TYPE = YES_ERROR;
				GCC_WARN_UNDECLARED_SELECTOR = YES;
				GCC_WARN_UNINITIALIZED_AUTOS = YES_AGGRESSIVE;
				GCC_WARN_UNUSED_FUNCTION = YES;
				GCC_WARN_UNUSED_VARIABLE = YES;
				IPHONEOS_DEPLOYMENT_TARGET = 12.1;
				MTL_ENABLE_DEBUG_INFO = INCLUDE_SOURCE;
				MTL_FAST_MATH = YES;
				ONLY_ACTIVE_ARCH = YES;
				SDKROOT = iphoneos;
				SWIFT_ACTIVE_COMPILATION_CONDITIONS = DEBUG;
				SWIFT_OPTIMIZATION_LEVEL = "-Onone";
			};
			name = Debug;
		};
		B1ED1DAD21D5C97C00249ACD /* Release */ = {
			isa = XCBuildConfiguration;
			buildSettings = {
				ALWAYS_SEARCH_USER_PATHS = NO;
				CLANG_ANALYZER_NONNULL = YES;
				CLANG_ANALYZER_NUMBER_OBJECT_CONVERSION = YES_AGGRESSIVE;
				CLANG_CXX_LANGUAGE_STANDARD = "gnu++14";
				CLANG_CXX_LIBRARY = "libc++";
				CLANG_ENABLE_MODULES = YES;
				CLANG_ENABLE_OBJC_ARC = YES;
				CLANG_ENABLE_OBJC_WEAK = YES;
				CLANG_WARN_BLOCK_CAPTURE_AUTORELEASING = YES;
				CLANG_WARN_BOOL_CONVERSION = YES;
				CLANG_WARN_COMMA = YES;
				CLANG_WARN_CONSTANT_CONVERSION = YES;
				CLANG_WARN_DEPRECATED_OBJC_IMPLEMENTATIONS = YES;
				CLANG_WARN_DIRECT_OBJC_ISA_USAGE = YES_ERROR;
				CLANG_WARN_DOCUMENTATION_COMMENTS = YES;
				CLANG_WARN_EMPTY_BODY = YES;
				CLANG_WARN_ENUM_CONVERSION = YES;
				CLANG_WARN_INFINITE_RECURSION = YES;
				CLANG_WARN_INT_CONVERSION = YES;
				CLANG_WARN_NON_LITERAL_NULL_CONVERSION = YES;
				CLANG_WARN_OBJC_IMPLICIT_RETAIN_SELF = YES;
				CLANG_WARN_OBJC_LITERAL_CONVERSION = YES;
				CLANG_WARN_OBJC_ROOT_CLASS = YES_ERROR;
				CLANG_WARN_RANGE_LOOP_ANALYSIS = YES;
				CLANG_WARN_STRICT_PROTOTYPES = YES;
				CLANG_WARN_SUSPICIOUS_MOVE = YES;
				CLANG_WARN_UNGUARDED_AVAILABILITY = YES_AGGRESSIVE;
				CLANG_WARN_UNREACHABLE_CODE = YES;
				CLANG_WARN__DUPLICATE_METHOD_MATCH = YES;
				CODE_SIGN_IDENTITY = "iPhone Developer";
				COPY_PHASE_STRIP = NO;
				DEBUG_INFORMATION_FORMAT = "dwarf-with-dsym";
				ENABLE_NS_ASSERTIONS = NO;
				ENABLE_STRICT_OBJC_MSGSEND = YES;
				GCC_C_LANGUAGE_STANDARD = gnu11;
				GCC_NO_COMMON_BLOCKS = YES;
				GCC_WARN_64_TO_32_BIT_CONVERSION = YES;
				GCC_WARN_ABOUT_RETURN_TYPE = YES_ERROR;
				GCC_WARN_UNDECLARED_SELECTOR = YES;
				GCC_WARN_UNINITIALIZED_AUTOS = YES_AGGRESSIVE;
				GCC_WARN_UNUSED_FUNCTION = YES;
				GCC_WARN_UNUSED_VARIABLE = YES;
				IPHONEOS_DEPLOYMENT_TARGET = 12.1;
				MTL_ENABLE_DEBUG_INFO = NO;
				MTL_FAST_MATH = YES;
				SDKROOT = iphoneos;
				SWIFT_COMPILATION_MODE = wholemodule;
				SWIFT_OPTIMIZATION_LEVEL = "-O";
				VALIDATE_PRODUCT = YES;
			};
			name = Release;
		};
		B1ED1DAF21D5C97C00249ACD /* Debug */ = {
			isa = XCBuildConfiguration;
			baseConfigurationReference = 33F41CF85B60DF6D91871A52 /* Pods-Geofencing.debug.xcconfig */;
			buildSettings = {
				ASSETCATALOG_COMPILER_APPICON_NAME = AppIcon;
				CODE_SIGN_ENTITLEMENTS = Geofencing/Geofencing.entitlements;
				CODE_SIGN_STYLE = Automatic;
				DEVELOPMENT_TEAM = 29QBR47DMW;
				INFOPLIST_FILE = "Geofencing/Resource Files/Info.plist";
				LD_RUNPATH_SEARCH_PATHS = (
					"$(inherited)",
					"@executable_path/Frameworks",
				);
				PRODUCT_BUNDLE_IDENTIFIER = "io.golos.Geofencing-swift";
				PRODUCT_NAME = "$(TARGET_NAME)";
				SWIFT_VERSION = 4.2;
				TARGETED_DEVICE_FAMILY = "1,2";
			};
			name = Debug;
		};
		B1ED1DB021D5C97C00249ACD /* Release */ = {
			isa = XCBuildConfiguration;
			baseConfigurationReference = C07F38F2D6BCFEB5F169BAAA /* Pods-Geofencing.release.xcconfig */;
			buildSettings = {
				ASSETCATALOG_COMPILER_APPICON_NAME = AppIcon;
				CODE_SIGN_ENTITLEMENTS = Geofencing/Geofencing.entitlements;
				CODE_SIGN_STYLE = Automatic;
				DEVELOPMENT_TEAM = 29QBR47DMW;
				INFOPLIST_FILE = "Geofencing/Resource Files/Info.plist";
				LD_RUNPATH_SEARCH_PATHS = (
					"$(inherited)",
					"@executable_path/Frameworks",
				);
				PRODUCT_BUNDLE_IDENTIFIER = "io.golos.Geofencing-swift";
				PRODUCT_NAME = "$(TARGET_NAME)";
				SWIFT_VERSION = 4.2;
				TARGETED_DEVICE_FAMILY = "1,2";
			};
			name = Release;
		};
/* End XCBuildConfiguration section */

/* Begin XCConfigurationList section */
		B1ED1D9721D5C97A00249ACD /* Build configuration list for PBXProject "Geofencing" */ = {
			isa = XCConfigurationList;
			buildConfigurations = (
				B1ED1DAC21D5C97C00249ACD /* Debug */,
				B1ED1DAD21D5C97C00249ACD /* Release */,
			);
			defaultConfigurationIsVisible = 0;
			defaultConfigurationName = Release;
		};
		B1ED1DAE21D5C97C00249ACD /* Build configuration list for PBXNativeTarget "Geofencing" */ = {
			isa = XCConfigurationList;
			buildConfigurations = (
				B1ED1DAF21D5C97C00249ACD /* Debug */,
				B1ED1DB021D5C97C00249ACD /* Release */,
			);
			defaultConfigurationIsVisible = 0;
			defaultConfigurationName = Release;
		};
/* End XCConfigurationList section */
	};
	rootObject = B1ED1D9421D5C97A00249ACD /* Project object */;
}
